
Microsoft Visual Studio Solution File, Format Version 12.00
# Visual Studio Version 17
VisualStudioVersion = 17.5.33502.453
MinimumVisualStudioVersion = 10.0.40219.1
Project("{9A19103F-16F7-4668-BE54-9A1E7A4F7556}") = "NorexiaGestionCommercialeWebUI", "NorexiaGestionCommercialeWebUI\NorexiaGestionCommercialeWebUI.csproj", "{363396D6-2A91-43E0-BAE3-6F3CF679725A}"
EndProject
Global
	GlobalSection(SolutionConfigurationPlatforms) = preSolution
		Debug|Any CPU = Debug|Any CPU
		Release|Any CPU = Release|Any CPU
	EndGlobalSection
	GlobalSection(ProjectConfigurationPlatforms) = postSolution
		{363396D6-2A91-43E0-BAE3-6F3CF679725A}.Debug|Any CPU.ActiveCfg = Debug|Any CPU
		{363396D6-2A91-43E0-BAE3-6F3CF679725A}.Debug|Any CPU.Build.0 = Debug|Any CPU
		{363396D6-2A91-43E0-BAE3-6F3CF679725A}.Release|Any CPU.ActiveCfg = Release|Any CPU
		{363396D6-2A91-43E0-BAE3-6F3CF679725A}.Release|Any CPU.Build.0 = Release|Any CPU
	EndGlobalSection
	GlobalSection(SolutionProperties) = preSolution
		HideSolutionNode = FALSE
	EndGlobalSection
	GlobalSection(ExtensibilityGlobals) = postSolution
		SolutionGuid = {A90B8596-FB9C-4693-A570-CDA1811EF36C}
	EndGlobalSection
EndGlobal
